
Microsoft Visual Studio Solution File, Format Version 12.00
# Visual Studio Version 17
VisualStudioVersion = 17.14.36429.23 d17.14
MinimumVisualStudioVersion = 10.0.40219.1
Project("{FAE04EC0-301F-11D3-BF4B-00C04F79EFBC}") = "cslox", "cslox\cslox.csproj", "{30FE6AA1-2D68-424E-A68B-4CAEFA065062}"
EndProject
Global
	GlobalSection(SolutionConfigurationPlatforms) = preSolution
		Debug|Any CPU = Debug|Any CPU
		Release|Any CPU = Release|Any CPU
	EndGlobalSection
	GlobalSection(ProjectConfigurationPlatforms) = postSolution
		{30FE6AA1-2D68-424E-A68B-4CAEFA065062}.Debug|Any CPU.ActiveCfg = Debug|Any CPU
		{30FE6AA1-2D68-424E-A68B-4CAEFA065062}.Debug|Any CPU.Build.0 = Debug|Any CPU
		{30FE6AA1-2D68-424E-A68B-4CAEFA065062}.Release|Any CPU.ActiveCfg = Release|Any CPU
		{30FE6AA1-2D68-424E-A68B-4CAEFA065062}.Release|Any CPU.Build.0 = Release|Any CPU
	EndGlobalSection
	GlobalSection(SolutionProperties) = preSolution
		HideSolutionNode = FALSE
	EndGlobalSection
	GlobalSection(ExtensibilityGlobals) = postSolution
		SolutionGuid = {CED233FF-E3AC-4CA4-AF09-0C6A4028CAFF}
	EndGlobalSection
EndGlobal
